# This is a Gradle generated file for dependency locking.
# Manual edits can break the build and are not advised.
# This file is expected to be part of source control.
com.fasterxml.jackson.core:jackson-annotations:2.10.1=compileClasspath,integrationTestCompileClasspath,integrationTestRuntimeClasspath,runtimeClasspath,testCompileClasspath,testRuntimeClasspath
com.fasterxml.jackson.core:jackson-core:2.10.1=compileClasspath,integrationTestCompileClasspath,integrationTestRuntimeClasspath,runtimeClasspath,testCompileClasspath,testRuntimeClasspath
com.fasterxml.jackson.core:jackson-databind:2.10.1=compileClasspath,integrationTestCompileClasspath,integrationTestRuntimeClasspath,runtimeClasspath,testCompileClasspath,testRuntimeClasspath
com.mashape.unirest:unirest-java:1.4.9=compileClasspath,integrationTestCompileClasspath,integrationTestRuntimeClasspath,runtimeClasspath,testCompileClasspath,testRuntimeClasspath
com.maxxton:microdocs-core-java:3.0.0=compileClasspath,integrationTestCompileClasspath,integrationTestRuntimeClasspath,runtimeClasspath,testCompileClasspath,testRuntimeClasspath
commons-codec:commons-codec:1.9=compileClasspath,integrationTestCompileClasspath,integrationTestRuntimeClasspath,runtimeClasspath,testCompileClasspath,testRuntimeClasspath
commons-logging:commons-logging:1.2=compileClasspath,integrationTestCompileClasspath,integrationTestRuntimeClasspath,runtimeClasspath,testCompileClasspath,testRuntimeClasspath
org.apache.httpcomponents:httpasyncclient:4.1.1=compileClasspath,integrationTestCompileClasspath,integrationTestRuntimeClasspath,runtimeClasspath,testCompileClasspath,testRuntimeClasspath
org.apache.httpcomponents:httpclient:4.5.2=compileClasspath,integrationTestCompileClasspath,integrationTestRuntimeClasspath,runtimeClasspath,testCompileClasspath,testRuntimeClasspath
org.apache.httpcomponents:httpcore-nio:4.4.4=compileClasspath,integrationTestCompileClasspath,integrationTestRuntimeClasspath,runtimeClasspath,testCompileClasspath,testRuntimeClasspath
org.apache.httpcomponents:httpcore:4.4.4=compileClasspath,integrationTestCompileClasspath,integrationTestRuntimeClasspath,runtimeClasspath,testCompileClasspath,testRuntimeClasspath
org.apache.httpcomponents:httpmime:4.5.2=compileClasspath,integrationTestCompileClasspath,integrationTestRuntimeClasspath,runtimeClasspath,testCompileClasspath,testRuntimeClasspath
org.json:json:20160212=compileClasspath,integrationTestCompileClasspath,integrationTestRuntimeClasspath,runtimeClasspath,testCompileClasspath,testRuntimeClasspath
empty=annotationProcessor,integrationTestAnnotationProcessor,testAnnotationProcessor
